// !$*UTF8*$!
{
	archiveVersion = 1;
	classes = {
	};
	objectVersion = 46;
	objects = {

/* Begin PBXBuildFile section */
		CBEAD9461D1682440016CA85 /* main.cpp in Sources */ = {isa = PBXBuildFile; fileRef = CBEAD9451D1682440016CA85 /* main.cpp */; };
		CBEAD9511D16843A0016CA85 /* WavUtils.cpp in Sources */ = {isa = PBXBuildFile; fileRef = CBEAD9501D16843A0016CA85 /* WavUtils.cpp */; };
		CBEAD9571D16ECC50016CA85 /* Biquad.cpp in Sources */ = {isa = PBXBuildFile; fileRef = CBEAD9551D16ECC50016CA85 /* Biquad.cpp */; };
/* End PBXBuildFile section */

/* Begin PBXCopyFilesBuildPhase section */
		CBEAD9401D1682440016CA85 /* CopyFiles */ = {
			isa = PBXCopyFilesBuildPhase;
			buildActionMask = 2147483647;
			dstPath = /usr/share/man/man1/;
			dstSubfolderSpec = 0;
			files = (
			);
			runOnlyForDeploymentPostprocessing = 1;
		};
/* End PBXCopyFilesBuildPhase section */

/* Begin PBXFileReference section */
		CBEAD9421D1682440016CA85 /* AudioDSPBasics */ = {isa = PBXFileReference; explicitFileType = "compiled.mach-o.executable"; includeInIndex = 0; path = AudioDSPBasics; sourceTree = BUILT_PRODUCTS_DIR; };
		CBEAD9451D1682440016CA85 /* main.cpp */ = {isa = PBXFileReference; lastKnownFileType = sourcecode.cpp.cpp; path = main.cpp; sourceTree = "<group>"; };
		CBEAD94F1D16843A0016CA85 /* WavUtils.h */ = {isa = PBXFileReference; fileEncoding = 4; lastKnownFileType = sourcecode.c.h; path = WavUtils.h; sourceTree = "<group>"; };
		CBEAD9501D16843A0016CA85 /* WavUtils.cpp */ = {isa = PBXFileReference; fileEncoding = 4; lastKnownFileType = sourcecode.cpp.cpp; path = WavUtils.cpp; sourceTree = "<group>"; };
		CBEAD9551D16ECC50016CA85 /* Biquad.cpp */ = {isa = PBXFileReference; fileEncoding = 4; lastKnownFileType = sourcecode.cpp.cpp; path = Biquad.cpp; sourceTree = "<group>"; };
		CBEAD9561D16ECC50016CA85 /* Biquad.h */ = {isa = PBXFileReference; fileEncoding = 4; lastKnownFileType = sourcecode.c.h; path = Biquad.h; sourceTree = "<group>"; };
/* End PBXFileReference section */

/* Begin PBXFrameworksBuildPhase section */
		CBEAD93F1D1682440016CA85 /* Frameworks */ = {
			isa = PBXFrameworksBuildPhase;
			buildActionMask = 2147483647;
			files = (
			);
			runOnlyForDeploymentPostprocessing = 0;
		};
/* End PBXFrameworksBuildPhase section */

/* Begin PBXGroup section */
		CBEAD9391D1682440016CA85 = {
			isa = PBXGroup;
			children = (
				CBEAD9441D1682440016CA85 /* AudioDSPBasics */,
				CBEAD9431D1682440016CA85 /* Products */,
			);
			sourceTree = "<group>";
		};
		CBEAD9431D1682440016CA85 /* Products */ = {
			isa = PBXGroup;
			children = (
				CBEAD9421D1682440016CA85 /* AudioDSPBasics */,
			);
			name = Products;
			sourceTree = "<group>";
		};
		CBEAD9441D1682440016CA85 /* AudioDSPBasics */ = {
			isa = PBXGroup;
			children = (
				CBEAD9451D1682440016CA85 /* main.cpp */,
				CBEAD94F1D16843A0016CA85 /* WavUtils.h */,
				CBEAD9501D16843A0016CA85 /* WavUtils.cpp */,
				CBEAD9551D16ECC50016CA85 /* Biquad.cpp */,
				CBEAD9561D16ECC50016CA85 /* Biquad.h */,
			);
			path = AudioDSPBasics;
			sourceTree = "<group>";
		};
/* End PBXGroup section */

/* Begin PBXNativeTarget section */
		CBEAD9411D1682440016CA85 /* AudioDSPBasics */ = {
			isa = PBXNativeTarget;
			buildConfigurationList = CBEAD9491D1682440016CA85 /* Build configuration list for PBXNativeTarget "AudioDSPBasics" */;
			buildPhases = (
				CBEAD93E1D1682440016CA85 /* Sources */,
				CBEAD93F1D1682440016CA85 /* Frameworks */,
				CBEAD9401D1682440016CA85 /* CopyFiles */,
			);
			buildRules = (
			);
			dependencies = (
			);
			name = AudioDSPBasics;
			productName = AudioDSPBasics;
			productReference = CBEAD9421D1682440016CA85 /* AudioDSPBasics */;
			productType = "com.apple.product-type.tool";
		};
/* End PBXNativeTarget section */

/* Begin PBXProject section */
		CBEAD93A1D1682440016CA85 /* Project object */ = {
			isa = PBXProject;
			attributes = {
				LastUpgradeCheck = 0730;
				ORGANIZATIONNAME = cognosonic;
				TargetAttributes = {
					CBEAD9411D1682440016CA85 = {
						CreatedOnToolsVersion = 7.3.1;
					};
				};
			};
			buildConfigurationList = CBEAD93D1D1682440016CA85 /* Build configuration list for PBXProject "AudioDSPBasics" */;
			compatibilityVersion = "Xcode 3.2";
			developmentRegion = English;
			hasScannedForEncodings = 0;
			knownRegions = (
				en,
			);
			mainGroup = CBEAD9391D1682440016CA85;
			productRefGroup = CBEAD9431D1682440016CA85 /* Products */;
			projectDirPath = "";
			projectRoot = "";
			targets = (
				CBEAD9411D1682440016CA85 /* AudioDSPBasics */,
			);
		};
/* End PBXProject section */

/* Begin PBXSourcesBuildPhase section */
		CBEAD93E1D1682440016CA85 /* Sources */ = {
			isa = PBXSourcesBuildPhase;
			buildActionMask = 2147483647;
			files = (
				CBEAD9511D16843A0016CA85 /* WavUtils.cpp in Sources */,
				CBEAD9461D1682440016CA85 /* main.cpp in Sources */,
				CBEAD9571D16ECC50016CA85 /* Biquad.cpp in Sources */,
			);
			runOnlyForDeploymentPostprocessing = 0;
		};
/* End PBXSourcesBuildPhase section */

/* Begin XCBuildConfiguration section */
		CBEAD9471D1682440016CA85 /* Debug */ = {
			isa = XCBuildConfiguration;
			buildSettings = {
				ALWAYS_SEARCH_USER_PATHS = NO;
				CLANG_ANALYZER_NONNULL = YES;
				CLANG_CXX_LANGUAGE_STANDARD = "gnu++0x";
				CLANG_CXX_LIBRARY = "libc++";
				CLANG_ENABLE_MODULES = YES;
				CLANG_ENABLE_OBJC_ARC = YES;
				CLANG_WARN_BOOL_CONVERSION = YES;
				CLANG_WARN_CONSTANT_CONVERSION = YES;
				CLANG_WARN_DIRECT_OBJC_ISA_USAGE = YES_ERROR;
				CLANG_WARN_EMPTY_BODY = YES;
				CLANG_WARN_ENUM_CONVERSION = YES;
				CLANG_WARN_INT_CONVERSION = YES;
				CLANG_WARN_OBJC_ROOT_CLASS = YES_ERROR;
				CLANG_WARN_UNREACHABLE_CODE = YES;
				CLANG_WARN__DUPLICATE_METHOD_MATCH = YES;
				CODE_SIGN_IDENTITY = "-";
				COPY_PHASE_STRIP = NO;
				DEBUG_INFORMATION_FORMAT = dwarf;
				ENABLE_STRICT_OBJC_MSGSEND = YES;
				ENABLE_TESTABILITY = YES;
				GCC_C_LANGUAGE_STANDARD = gnu99;
				GCC_DYNAMIC_NO_PIC = NO;
				GCC_NO_COMMON_BLOCKS = YES;
				GCC_OPTIMIZATION_LEVEL = 0;
				GCC_PREPROCESSOR_DEFINITIONS = (
					"DEBUG=1",
					"$(inherited)",
				);
				GCC_WARN_64_TO_32_BIT_CONVERSION = YES;
				GCC_WARN_ABOUT_RETURN_TYPE = YES_ERROR;
				GCC_WARN_UNDECLARED_SELECTOR = YES;
				GCC_WARN_UNINITIALIZED_AUTOS = YES_AGGRESSIVE;
				GCC_WARN_UNUSED_FUNCTION = YES;
				GCC_WARN_UNUSED_VARIABLE = YES;
				MACOSX_DEPLOYMENT_TARGET = 10.11;
				MTL_ENABLE_DEBUG_INFO = YES;
				ONLY_ACTIVE_ARCH = YES;
				SDKROOT = macosx;
			};
			name = Debug;
		};
		CBEAD9481D1682440016CA85 /* Release */ = {
			isa = XCBuildConfiguration;
			buildSettings = {
				ALWAYS_SEARCH_USER_PATHS = NO;
				CLANG_ANALYZER_NONNULL = YES;
				CLANG_CXX_LANGUAGE_STANDARD = "gnu++0x";
				CLANG_CXX_LIBRARY = "libc++";
				CLANG_ENABLE_MODULES = YES;
				CLANG_ENABLE_OBJC_ARC = YES;
				CLANG_WARN_BOOL_CONVERSION = YES;
				CLANG_WARN_CONSTANT_CONVERSION = YES;
				CLANG_WARN_DIRECT_OBJC_ISA_USAGE = YES_ERROR;
				CLANG_WARN_EMPTY_BODY = YES;
				CLANG_WARN_ENUM_CONVERSION = YES;
				CLANG_WARN_INT_CONVERSION = YES;
				CLANG_WARN_OBJC_ROOT_CLASS = YES_ERROR;
				CLANG_WARN_UNREACHABLE_CODE = YES;
				CLANG_WARN__DUPLICATE_METHOD_MATCH = YES;
				CODE_SIGN_IDENTITY = "-";
				COPY_PHASE_STRIP = NO;
				DEBUG_INFORMATION_FORMAT = "dwarf-with-dsym";
				ENABLE_NS_ASSERTIONS = NO;
				ENABLE_STRICT_OBJC_MSGSEND = YES;
				GCC_C_LANGUAGE_STANDARD = gnu99;
				GCC_NO_COMMON_BLOCKS = YES;
				GCC_WARN_64_TO_32_BIT_CONVERSION = YES;
				GCC_WARN_ABOUT_RETURN_TYPE = YES_ERROR;
				GCC_WARN_UNDECLARED_SELECTOR = YES;
				GCC_WARN_UNINITIALIZED_AUTOS = YES_AGGRESSIVE;
				GCC_WARN_UNUSED_FUNCTION = YES;
				GCC_WARN_UNUSED_VARIABLE = YES;
				MACOSX_DEPLOYMENT_TARGET = 10.11;
				MTL_ENABLE_DEBUG_INFO = NO;
				SDKROOT = macosx;
			};
			name = Release;
		};
		CBEAD94A1D1682440016CA85 /* Debug */ = {
			isa = XCBuildConfiguration;
			buildSettings = {
				PRODUCT_NAME = "$(TARGET_NAME)";
			};
			name = Debug;
		};
		CBEAD94B1D1682440016CA85 /* Release */ = {
			isa = XCBuildConfiguration;
			buildSettings = {
				PRODUCT_NAME = "$(TARGET_NAME)";
			};
			name = Release;
		};
/* End XCBuildConfiguration section */

/* Begin XCConfigurationList section */
		CBEAD93D1D1682440016CA85 /* Build configuration list for PBXProject "AudioDSPBasics" */ = {
			isa = XCConfigurationList;
			buildConfigurations = (
				CBEAD9471D1682440016CA85 /* Debug */,
				CBEAD9481D1682440016CA85 /* Release */,
			);
			defaultConfigurationIsVisible = 0;
			defaultConfigurationName = Release;
		};
		CBEAD9491D1682440016CA85 /* Build configuration list for PBXNativeTarget "AudioDSPBasics" */ = {
			isa = XCConfigurationList;
			buildConfigurations = (
				CBEAD94A1D1682440016CA85 /* Debug */,
				CBEAD94B1D1682440016CA85 /* Release */,
			);
			defaultConfigurationIsVisible = 0;
			defaultConfigurationName = Release;
		};
/* End XCConfigurationList section */
	};
	rootObject = CBEAD93A1D1682440016CA85 /* Project object */;
}
